
Microsoft Visual Studio Solution File, Format Version 12.00
# Visual Studio 15
VisualStudioVersion = 15.0.28307.168
MinimumVisualStudioVersion = 10.0.40219.1
Project("{8BC9CEB8-8B4A-11D0-8D11-00A0C91BC942}") = "SDKE", "Engine.vcxproj", "{E3B9711D-5F12-4BCD-B7F2-5AEC1A1890EC}"
	ProjectSection(ProjectDependencies) = postProject
		{DF460EAB-570D-4B50-9089-2E2FC801BF38} = {DF460EAB-570D-4B50-9089-2E2FC801BF38}
		{E0B52AE7-E160-4D32-BF3F-910B785E5A8E} = {E0B52AE7-E160-4D32-BF3F-910B785E5A8E}
	EndProjectSection
EndProject
Project("{2150E333-8FDC-42A3-9474-1A3956D46DE8}") = "FX11", "FX11", "{FA55A676-1C96-4F70-BC3E-FE09F0ECA78C}"
EndProject
Project("{8BC9CEB8-8B4A-11D0-8D11-00A0C91BC942}") = "Effects11", "..\submodules\FX11\Effects11_2017_Win10.vcxproj", "{DF460EAB-570D-4B50-9089-2E2FC801BF38}"
EndProject
Project("{2150E333-8FDC-42A3-9474-1A3956D46DE8}") = "DirectXToolKit", "DirectXToolKit", "{09ADFBBD-B467-41AD-999F-47BB86ED9703}"
EndProject
Project("{8BC9CEB8-8B4A-11D0-8D11-00A0C91BC942}") = "DirectXTK_Desktop_2017", "..\submodules\DXTK\DirectXTK_Desktop_2017.vcxproj", "{E0B52AE7-E160-4D32-BF3F-910B785E5A8E}"
EndProject
Project("{2150E333-8FDC-42A3-9474-1A3956D46DE8}") = "ImGui", "ImGui", "{9FAFE296-6270-4086-8AD1-C8A720EF11FA}"
EndProject
Project("{8BC9CEB8-8B4A-11D0-8D11-00A0C91BC942}") = "example_win32_directx11", "..\submodules\imgui\examples\example_win32_directx11\example_win32_directx11.vcxproj", "{9F316E83-5AE5-4939-A723-305A94F48005}"
EndProject
Project("{2150E333-8FDC-42A3-9474-1A3956D46DE8}") = "Test Things", "Test Things", "{CF91DA6A-A884-4ED5-972F-97454F4E907B}"
EndProject
Project("{8BC9CEB8-8B4A-11D0-8D11-00A0C91BC942}") = "Test Strings In Boost", "..\Tests\Test Strings In Boost\Test Strings In Boost.vcxproj", "{9A92E577-938E-43CB-82B8-E267D3AD6036}"
EndProject
Project("{8BC9CEB8-8B4A-11D0-8D11-00A0C91BC942}") = "TestReplaceCyrrilicSymbols", "..\Tests\TestReplaceCyrrilicSymbols\TestReplaceCyrrilicSymbols.vcxproj", "{49ADAE5D-D8D8-49E5-A880-341E742E1BD6}"
EndProject
Project("{8BC9CEB8-8B4A-11D0-8D11-00A0C91BC942}") = "Test Microphone Support", "..\Tests\Test Microphone Support\Test Microphone Support.vcxproj", "{E0C3038D-5252-4404-A1AC-9788802F39F1}"
EndProject
Global
	GlobalSection(SolutionConfigurationPlatforms) = preSolution
		Debug|x64 = Debug|x64
		Debug|x86 = Debug|x86
		Release|x64 = Release|x64
		Release|x86 = Release|x86
	EndGlobalSection
	GlobalSection(ProjectConfigurationPlatforms) = postSolution
		{E3B9711D-5F12-4BCD-B7F2-5AEC1A1890EC}.Debug|x64.ActiveCfg = Debug|x64
		{E3B9711D-5F12-4BCD-B7F2-5AEC1A1890EC}.Debug|x64.Build.0 = Debug|x64
		{E3B9711D-5F12-4BCD-B7F2-5AEC1A1890EC}.Debug|x86.ActiveCfg = Debug|Win32
		{E3B9711D-5F12-4BCD-B7F2-5AEC1A1890EC}.Debug|x86.Build.0 = Debug|Win32
		{E3B9711D-5F12-4BCD-B7F2-5AEC1A1890EC}.Release|x64.ActiveCfg = Release|x64
		{E3B9711D-5F12-4BCD-B7F2-5AEC1A1890EC}.Release|x64.Build.0 = Release|x64
		{E3B9711D-5F12-4BCD-B7F2-5AEC1A1890EC}.Release|x86.ActiveCfg = Release|Win32
		{E3B9711D-5F12-4BCD-B7F2-5AEC1A1890EC}.Release|x86.Build.0 = Release|Win32
		{DF460EAB-570D-4B50-9089-2E2FC801BF38}.Debug|x64.ActiveCfg = Debug|x64
		{DF460EAB-570D-4B50-9089-2E2FC801BF38}.Debug|x64.Build.0 = Debug|x64
		{DF460EAB-570D-4B50-9089-2E2FC801BF38}.Debug|x86.ActiveCfg = Debug|Win32
		{DF460EAB-570D-4B50-9089-2E2FC801BF38}.Debug|x86.Build.0 = Debug|Win32
		{DF460EAB-570D-4B50-9089-2E2FC801BF38}.Release|x64.ActiveCfg = Release|x64
		{DF460EAB-570D-4B50-9089-2E2FC801BF38}.Release|x64.Build.0 = Release|x64
		{DF460EAB-570D-4B50-9089-2E2FC801BF38}.Release|x86.ActiveCfg = Release|Win32
		{DF460EAB-570D-4B50-9089-2E2FC801BF38}.Release|x86.Build.0 = Release|Win32
		{E0B52AE7-E160-4D32-BF3F-910B785E5A8E}.Debug|x64.ActiveCfg = Debug|x64
		{E0B52AE7-E160-4D32-BF3F-910B785E5A8E}.Debug|x64.Build.0 = Debug|x64
		{E0B52AE7-E160-4D32-BF3F-910B785E5A8E}.Debug|x86.ActiveCfg = Debug|Win32
		{E0B52AE7-E160-4D32-BF3F-910B785E5A8E}.Debug|x86.Build.0 = Debug|Win32
		{E0B52AE7-E160-4D32-BF3F-910B785E5A8E}.Release|x64.ActiveCfg = Release|x64
		{E0B52AE7-E160-4D32-BF3F-910B785E5A8E}.Release|x64.Build.0 = Release|x64
		{E0B52AE7-E160-4D32-BF3F-910B785E5A8E}.Release|x86.ActiveCfg = Release|Win32
		{E0B52AE7-E160-4D32-BF3F-910B785E5A8E}.Release|x86.Build.0 = Release|Win32
		{9F316E83-5AE5-4939-A723-305A94F48005}.Debug|x64.ActiveCfg = Debug|x64
		{9F316E83-5AE5-4939-A723-305A94F48005}.Debug|x64.Build.0 = Debug|x64
		{9F316E83-5AE5-4939-A723-305A94F48005}.Debug|x86.ActiveCfg = Debug|Win32
		{9F316E83-5AE5-4939-A723-305A94F48005}.Release|x64.ActiveCfg = Release|x64
		{9F316E83-5AE5-4939-A723-305A94F48005}.Release|x64.Build.0 = Release|x64
		{9F316E83-5AE5-4939-A723-305A94F48005}.Release|x86.ActiveCfg = Release|Win32
		{9F316E83-5AE5-4939-A723-305A94F48005}.Release|x86.Build.0 = Release|Win32
		{9A92E577-938E-43CB-82B8-E267D3AD6036}.Debug|x64.ActiveCfg = Debug|x64
		{9A92E577-938E-43CB-82B8-E267D3AD6036}.Debug|x64.Build.0 = Debug|x64
		{9A92E577-938E-43CB-82B8-E267D3AD6036}.Debug|x86.ActiveCfg = Debug|Win32
		{9A92E577-938E-43CB-82B8-E267D3AD6036}.Release|x64.ActiveCfg = Release|x64
		{9A92E577-938E-43CB-82B8-E267D3AD6036}.Release|x64.Build.0 = Release|x64
		{9A92E577-938E-43CB-82B8-E267D3AD6036}.Release|x86.ActiveCfg = Release|Win32
		{49ADAE5D-D8D8-49E5-A880-341E742E1BD6}.Debug|x64.ActiveCfg = Debug|x64
		{49ADAE5D-D8D8-49E5-A880-341E742E1BD6}.Debug|x64.Build.0 = Debug|x64
		{49ADAE5D-D8D8-49E5-A880-341E742E1BD6}.Debug|x86.ActiveCfg = Debug|Win32
		{49ADAE5D-D8D8-49E5-A880-341E742E1BD6}.Debug|x86.Build.0 = Debug|Win32
		{49ADAE5D-D8D8-49E5-A880-341E742E1BD6}.Release|x64.ActiveCfg = Release|x64
		{49ADAE5D-D8D8-49E5-A880-341E742E1BD6}.Release|x64.Build.0 = Release|x64
		{49ADAE5D-D8D8-49E5-A880-341E742E1BD6}.Release|x86.ActiveCfg = Release|Win32
		{49ADAE5D-D8D8-49E5-A880-341E742E1BD6}.Release|x86.Build.0 = Release|Win32
		{E0C3038D-5252-4404-A1AC-9788802F39F1}.Debug|x64.ActiveCfg = Debug|x64
		{E0C3038D-5252-4404-A1AC-9788802F39F1}.Debug|x64.Build.0 = Debug|x64
		{E0C3038D-5252-4404-A1AC-9788802F39F1}.Debug|x86.ActiveCfg = Debug|Win32
		{E0C3038D-5252-4404-A1AC-9788802F39F1}.Debug|x86.Build.0 = Debug|Win32
		{E0C3038D-5252-4404-A1AC-9788802F39F1}.Release|x64.ActiveCfg = Release|x64
		{E0C3038D-5252-4404-A1AC-9788802F39F1}.Release|x64.Build.0 = Release|x64
		{E0C3038D-5252-4404-A1AC-9788802F39F1}.Release|x86.ActiveCfg = Release|Win32
		{E0C3038D-5252-4404-A1AC-9788802F39F1}.Release|x86.Build.0 = Release|Win32
	EndGlobalSection
	GlobalSection(SolutionProperties) = preSolution
		HideSolutionNode = FALSE
	EndGlobalSection
	GlobalSection(NestedProjects) = preSolution
		{DF460EAB-570D-4B50-9089-2E2FC801BF38} = {FA55A676-1C96-4F70-BC3E-FE09F0ECA78C}
		{E0B52AE7-E160-4D32-BF3F-910B785E5A8E} = {09ADFBBD-B467-41AD-999F-47BB86ED9703}
		{9F316E83-5AE5-4939-A723-305A94F48005} = {9FAFE296-6270-4086-8AD1-C8A720EF11FA}
		{9A92E577-938E-43CB-82B8-E267D3AD6036} = {CF91DA6A-A884-4ED5-972F-97454F4E907B}
		{49ADAE5D-D8D8-49E5-A880-341E742E1BD6} = {CF91DA6A-A884-4ED5-972F-97454F4E907B}
		{E0C3038D-5252-4404-A1AC-9788802F39F1} = {CF91DA6A-A884-4ED5-972F-97454F4E907B}
	EndGlobalSection
	GlobalSection(ExtensibilityGlobals) = postSolution
		SolutionGuid = {52DD52C6-4B5F-4111-B853-40E3A0B1A86B}
	EndGlobalSection
EndGlobal
